
Microsoft Visual Studio Solution File, Format Version 12.00
# Visual Studio Version 17
VisualStudioVersion = 17.3.32929.385
MinimumVisualStudioVersion = 10.0.40219.1
Project("{FAE04EC0-301F-11D3-BF4B-00C04F79EFBC}") = "TCC", "TCC.csproj", "{A63F9286-6D54-4C12-972B-F1EA8E63E2A3}"
EndProject
Global
	GlobalSection(SolutionConfigurationPlatforms) = preSolution
		Debug|Any CPU = Debug|Any CPU
		Release|Any CPU = Release|Any CPU
	EndGlobalSection
	GlobalSection(ProjectConfigurationPlatforms) = postSolution
		{A63F9286-6D54-4C12-972B-F1EA8E63E2A3}.Debug|Any CPU.ActiveCfg = Debug|Any CPU
		{A63F9286-6D54-4C12-972B-F1EA8E63E2A3}.Debug|Any CPU.Build.0 = Debug|Any CPU
		{A63F9286-6D54-4C12-972B-F1EA8E63E2A3}.Release|Any CPU.ActiveCfg = Release|Any CPU
		{A63F9286-6D54-4C12-972B-F1EA8E63E2A3}.Release|Any CPU.Build.0 = Release|Any CPU
	EndGlobalSection
	GlobalSection(SolutionProperties) = preSolution
		HideSolutionNode = FALSE
	EndGlobalSection
	GlobalSection(ExtensibilityGlobals) = postSolution
		SolutionGuid = {F782A427-5571-4599-9EE7-C1FFB9D2241B}
	EndGlobalSection
EndGlobal
